
Microsoft Visual Studio Solution File, Format Version 12.00
# Visual Studio 15
VisualStudioVersion = 15.0.28010.2019
MinimumVisualStudioVersion = 10.0.40219.1
Project("{FAE04EC0-301F-11D3-BF4B-00C04F79EFBC}") = "SimpleCrawler", "SimpleCrawler\SimpleCrawler.csproj", "{751AAC27-F15F-4D41-A53A-06CC73E99E36}"
EndProject
Project("{FAE04EC0-301F-11D3-BF4B-00C04F79EFBC}") = "OrderList", "..\homework6\OrderList\OrderList.csproj", "{B6F53694-2A3E-49DD-B5E2-B511E2B77C46}"
EndProject
Global
	GlobalSection(SolutionConfigurationPlatforms) = preSolution
		Debug|Any CPU = Debug|Any CPU
		Release|Any CPU = Release|Any CPU
	EndGlobalSection
	GlobalSection(ProjectConfigurationPlatforms) = postSolution
		{751AAC27-F15F-4D41-A53A-06CC73E99E36}.Debug|Any CPU.ActiveCfg = Debug|Any CPU
		{751AAC27-F15F-4D41-A53A-06CC73E99E36}.Debug|Any CPU.Build.0 = Debug|Any CPU
		{751AAC27-F15F-4D41-A53A-06CC73E99E36}.Release|Any CPU.ActiveCfg = Release|Any CPU
		{751AAC27-F15F-4D41-A53A-06CC73E99E36}.Release|Any CPU.Build.0 = Release|Any CPU
		{B6F53694-2A3E-49DD-B5E2-B511E2B77C46}.Debug|Any CPU.ActiveCfg = Debug|Any CPU
		{B6F53694-2A3E-49DD-B5E2-B511E2B77C46}.Debug|Any CPU.Build.0 = Debug|Any CPU
		{B6F53694-2A3E-49DD-B5E2-B511E2B77C46}.Release|Any CPU.ActiveCfg = Release|Any CPU
		{B6F53694-2A3E-49DD-B5E2-B511E2B77C46}.Release|Any CPU.Build.0 = Release|Any CPU
	EndGlobalSection
	GlobalSection(SolutionProperties) = preSolution
		HideSolutionNode = FALSE
	EndGlobalSection
	GlobalSection(ExtensibilityGlobals) = postSolution
		SolutionGuid = {47BA6446-69C7-4449-BE6F-2CD8257CF7F3}
	EndGlobalSection
EndGlobal
