
Microsoft Visual Studio Solution File, Format Version 12.00
# Visual Studio 15
VisualStudioVersion = 15.0.28010.2019
MinimumVisualStudioVersion = 10.0.40219.1
Project("{FAE04EC0-301F-11D3-BF4B-00C04F79EFBC}") = "SimpleFactory", "SimpleFactory\SimpleFactory.csproj", "{0010D529-85D8-4E2E-B035-E56F699D245E}"
EndProject
Global
	GlobalSection(SolutionConfigurationPlatforms) = preSolution
		Debug|Any CPU = Debug|Any CPU
		Release|Any CPU = Release|Any CPU
	EndGlobalSection
	GlobalSection(ProjectConfigurationPlatforms) = postSolution
		{0010D529-85D8-4E2E-B035-E56F699D245E}.Debug|Any CPU.ActiveCfg = Debug|Any CPU
		{0010D529-85D8-4E2E-B035-E56F699D245E}.Debug|Any CPU.Build.0 = Debug|Any CPU
		{0010D529-85D8-4E2E-B035-E56F699D245E}.Release|Any CPU.ActiveCfg = Release|Any CPU
		{0010D529-85D8-4E2E-B035-E56F699D245E}.Release|Any CPU.Build.0 = Release|Any CPU
	EndGlobalSection
	GlobalSection(SolutionProperties) = preSolution
		HideSolutionNode = FALSE
	EndGlobalSection
	GlobalSection(ExtensibilityGlobals) = postSolution
		SolutionGuid = {44309463-3EE4-4571-8B94-23AA32CF7C42}
	EndGlobalSection
EndGlobal
