
Microsoft Visual Studio Solution File, Format Version 12.00
# Visual Studio 15
VisualStudioVersion = 15.0.28010.2019
MinimumVisualStudioVersion = 10.0.40219.1
Project("{FAE04EC0-301F-11D3-BF4B-00C04F79EFBC}") = "OrderList", "OrderList\OrderList.csproj", "{6BB6370A-D007-4F5D-A854-CC877A6563B2}"
EndProject
Project("{FAE04EC0-301F-11D3-BF4B-00C04F79EFBC}") = "AlarmClock", "AlarmClock\AlarmClock.csproj", "{5DB2EB4E-DD84-44B5-A786-6A596C5EF8F6}"
EndProject
Global
	GlobalSection(SolutionConfigurationPlatforms) = preSolution
		Debug|Any CPU = Debug|Any CPU
		Release|Any CPU = Release|Any CPU
	EndGlobalSection
	GlobalSection(ProjectConfigurationPlatforms) = postSolution
		{6BB6370A-D007-4F5D-A854-CC877A6563B2}.Debug|Any CPU.ActiveCfg = Debug|Any CPU
		{6BB6370A-D007-4F5D-A854-CC877A6563B2}.Debug|Any CPU.Build.0 = Debug|Any CPU
		{6BB6370A-D007-4F5D-A854-CC877A6563B2}.Release|Any CPU.ActiveCfg = Release|Any CPU
		{6BB6370A-D007-4F5D-A854-CC877A6563B2}.Release|Any CPU.Build.0 = Release|Any CPU
		{5DB2EB4E-DD84-44B5-A786-6A596C5EF8F6}.Debug|Any CPU.ActiveCfg = Debug|Any CPU
		{5DB2EB4E-DD84-44B5-A786-6A596C5EF8F6}.Debug|Any CPU.Build.0 = Debug|Any CPU
		{5DB2EB4E-DD84-44B5-A786-6A596C5EF8F6}.Release|Any CPU.ActiveCfg = Release|Any CPU
		{5DB2EB4E-DD84-44B5-A786-6A596C5EF8F6}.Release|Any CPU.Build.0 = Release|Any CPU
	EndGlobalSection
	GlobalSection(SolutionProperties) = preSolution
		HideSolutionNode = FALSE
	EndGlobalSection
	GlobalSection(ExtensibilityGlobals) = postSolution
		SolutionGuid = {64D3B66B-0461-4091-8432-B17D0A7934CD}
	EndGlobalSection
EndGlobal
